
Microsoft Visual Studio Solution File, Format Version 12.00
# Visual Studio Version 17
VisualStudioVersion = 17.8.34316.72
MinimumVisualStudioVersion = 10.0.40219.1
Project("{FAE04EC0-301F-11D3-BF4B-00C04F79EFBC}") = "SQA_Assign", "SQA_Assign\SQA_Assign.csproj", "{5D9CA984-8CB1-44E6-BBF3-ADC0DDE62CD7}"
EndProject
Project("{FAE04EC0-301F-11D3-BF4B-00C04F79EFBC}") = "SQA_Assign.Tests", "SQA_Assign.Tests\SQA_Assign.Tests.csproj", "{7F0960D0-DA6D-4CAA-BFCC-1F3CBA171D1D}"
EndProject
Global
	GlobalSection(SolutionConfigurationPlatforms) = preSolution
		Debug|Any CPU = Debug|Any CPU
		Release|Any CPU = Release|Any CPU
	EndGlobalSection
	GlobalSection(ProjectConfigurationPlatforms) = postSolution
		{5D9CA984-8CB1-44E6-BBF3-ADC0DDE62CD7}.Debug|Any CPU.ActiveCfg = Debug|Any CPU
		{5D9CA984-8CB1-44E6-BBF3-ADC0DDE62CD7}.Debug|Any CPU.Build.0 = Debug|Any CPU
		{5D9CA984-8CB1-44E6-BBF3-ADC0DDE62CD7}.Release|Any CPU.ActiveCfg = Release|Any CPU
		{5D9CA984-8CB1-44E6-BBF3-ADC0DDE62CD7}.Release|Any CPU.Build.0 = Release|Any CPU
		{7F0960D0-DA6D-4CAA-BFCC-1F3CBA171D1D}.Debug|Any CPU.ActiveCfg = Debug|Any CPU
		{7F0960D0-DA6D-4CAA-BFCC-1F3CBA171D1D}.Debug|Any CPU.Build.0 = Debug|Any CPU
		{7F0960D0-DA6D-4CAA-BFCC-1F3CBA171D1D}.Release|Any CPU.ActiveCfg = Release|Any CPU
		{7F0960D0-DA6D-4CAA-BFCC-1F3CBA171D1D}.Release|Any CPU.Build.0 = Release|Any CPU
	EndGlobalSection
	GlobalSection(SolutionProperties) = preSolution
		HideSolutionNode = FALSE
	EndGlobalSection
	GlobalSection(ExtensibilityGlobals) = postSolution
		SolutionGuid = {65A07380-8384-495B-AA7A-83CC593CE3FE}
	EndGlobalSection
EndGlobal
